// !$*UTF8*$!
{
	archiveVersion = 1;
	classes = {
	};
	objectVersion = 46;
	objects = {

/* Begin PBXBuildFile section */
		950FCF771D1ECFB100086B52 /* main.m in Sources */ = {isa = PBXBuildFile; fileRef = 950FCF761D1ECFB100086B52 /* main.m */; };
		950FCF7A1D1ECFB100086B52 /* AppDelegate.m in Sources */ = {isa = PBXBuildFile; fileRef = 950FCF791D1ECFB100086B52 /* AppDelegate.m */; };
		950FCF801D1ECFB100086B52 /* Main.storyboard in Resources */ = {isa = PBXBuildFile; fileRef = 950FCF7E1D1ECFB100086B52 /* Main.storyboard */; };
		950FCF821D1ECFB100086B52 /* Assets.xcassets in Resources */ = {isa = PBXBuildFile; fileRef = 950FCF811D1ECFB100086B52 /* Assets.xcassets */; };
		950FCF851D1ECFB100086B52 /* LaunchScreen.storyboard in Resources */ = {isa = PBXBuildFile; fileRef = 950FCF831D1ECFB100086B52 /* LaunchScreen.storyboard */; };
		950FCF901D1ECFB100086B52 /* CatawikiTests.m in Sources */ = {isa = PBXBuildFile; fileRef = 950FCF8F1D1ECFB100086B52 /* CatawikiTests.m */; };
		950FCF9E1D1ED2D100086B52 /* GalleryViewController.m in Sources */ = {isa = PBXBuildFile; fileRef = 950FCF9D1D1ED2D100086B52 /* GalleryViewController.m */; };
		950FCFA51D1ED58E00086B52 /* DynamicCollectionViewFlowLayout.m in Sources */ = {isa = PBXBuildFile; fileRef = 950FCFA41D1ED58E00086B52 /* DynamicCollectionViewFlowLayout.m */; };
		9562746E1D1FD7BF00F7FA96 /* GalleryImageCollectionViewCell.m in Sources */ = {isa = PBXBuildFile; fileRef = 9562746D1D1FD7BF00F7FA96 /* GalleryImageCollectionViewCell.m */; };
		95A492381D1F25120024BCB8 /* GalleryImage.m in Sources */ = {isa = PBXBuildFile; fileRef = 95A492371D1F25120024BCB8 /* GalleryImage.m */; };
		95A4923D1D1F28330024BCB8 /* FlickrSearchEngine.m in Sources */ = {isa = PBXBuildFile; fileRef = 95A4923C1D1F28330024BCB8 /* FlickrSearchEngine.m */; };
		9B22C5DD3F2D1B6D33268C4A /* libPods-Catawiki.a in Frameworks */ = {isa = PBXBuildFile; fileRef = 064AA99E5C2EF2F94450F8DC /* libPods-Catawiki.a */; };
/* End PBXBuildFile section */

/* Begin PBXContainerItemProxy section */
		950FCF8C1D1ECFB100086B52 /* PBXContainerItemProxy */ = {
			isa = PBXContainerItemProxy;
			containerPortal = 950FCF6A1D1ECFB100086B52 /* Project object */;
			proxyType = 1;
			remoteGlobalIDString = 950FCF711D1ECFB100086B52;
			remoteInfo = Catawiki;
		};
/* End PBXContainerItemProxy section */

/* Begin PBXFileReference section */
		064AA99E5C2EF2F94450F8DC /* libPods-Catawiki.a */ = {isa = PBXFileReference; explicitFileType = archive.ar; includeInIndex = 0; path = "libPods-Catawiki.a"; sourceTree = BUILT_PRODUCTS_DIR; };
		37D0047770D980E5F1BD816F /* Pods-Catawiki.release.xcconfig */ = {isa = PBXFileReference; includeInIndex = 1; lastKnownFileType = text.xcconfig; name = "Pods-Catawiki.release.xcconfig"; path = "Pods/Target Support Files/Pods-Catawiki/Pods-Catawiki.release.xcconfig"; sourceTree = "<group>"; };
		44EDBBFACA6F536038778DBD /* libPods-CatawikiTests.a */ = {isa = PBXFileReference; explicitFileType = archive.ar; includeInIndex = 0; path = "libPods-CatawikiTests.a"; sourceTree = BUILT_PRODUCTS_DIR; };
		950FCF721D1ECFB100086B52 /* Catawiki.app */ = {isa = PBXFileReference; explicitFileType = wrapper.application; includeInIndex = 0; path = Catawiki.app; sourceTree = BUILT_PRODUCTS_DIR; };
		950FCF761D1ECFB100086B52 /* main.m */ = {isa = PBXFileReference; lastKnownFileType = sourcecode.c.objc; path = main.m; sourceTree = "<group>"; };
		950FCF781D1ECFB100086B52 /* AppDelegate.h */ = {isa = PBXFileReference; lastKnownFileType = sourcecode.c.h; path = AppDelegate.h; sourceTree = "<group>"; };
		950FCF791D1ECFB100086B52 /* AppDelegate.m */ = {isa = PBXFileReference; lastKnownFileType = sourcecode.c.objc; path = AppDelegate.m; sourceTree = "<group>"; };
		950FCF7F1D1ECFB100086B52 /* Base */ = {isa = PBXFileReference; lastKnownFileType = file.storyboard; name = Base; path = Base.lproj/Main.storyboard; sourceTree = "<group>"; };
		950FCF811D1ECFB100086B52 /* Assets.xcassets */ = {isa = PBXFileReference; lastKnownFileType = folder.assetcatalog; path = Assets.xcassets; sourceTree = "<group>"; };
		950FCF841D1ECFB100086B52 /* Base */ = {isa = PBXFileReference; lastKnownFileType = file.storyboard; name = Base; path = Base.lproj/LaunchScreen.storyboard; sourceTree = "<group>"; };
		950FCF861D1ECFB100086B52 /* Info.plist */ = {isa = PBXFileReference; lastKnownFileType = text.plist.xml; path = Info.plist; sourceTree = "<group>"; };
		950FCF8B1D1ECFB100086B52 /* CatawikiTests.xctest */ = {isa = PBXFileReference; explicitFileType = wrapper.cfbundle; includeInIndex = 0; path = CatawikiTests.xctest; sourceTree = BUILT_PRODUCTS_DIR; };
		950FCF8F1D1ECFB100086B52 /* CatawikiTests.m */ = {isa = PBXFileReference; lastKnownFileType = sourcecode.c.objc; path = CatawikiTests.m; sourceTree = "<group>"; };
		950FCF911D1ECFB100086B52 /* Info.plist */ = {isa = PBXFileReference; lastKnownFileType = text.plist.xml; path = Info.plist; sourceTree = "<group>"; };
		950FCF9A1D1ED06A00086B52 /* .gitignore */ = {isa = PBXFileReference; lastKnownFileType = text; path = .gitignore; sourceTree = "<group>"; };
		950FCF9B1D1ED0A200086B52 /* .clang-format */ = {isa = PBXFileReference; lastKnownFileType = text; path = ".clang-format"; sourceTree = "<group>"; };
		950FCF9C1D1ED2D100086B52 /* GalleryViewController.h */ = {isa = PBXFileReference; fileEncoding = 4; lastKnownFileType = sourcecode.c.h; name = GalleryViewController.h; path = ViewControllers/GalleryViewController.h; sourceTree = "<group>"; };
		950FCF9D1D1ED2D100086B52 /* GalleryViewController.m */ = {isa = PBXFileReference; fileEncoding = 4; lastKnownFileType = sourcecode.c.objc; name = GalleryViewController.m; path = ViewControllers/GalleryViewController.m; sourceTree = "<group>"; };
		950FCFA31D1ED58E00086B52 /* DynamicCollectionViewFlowLayout.h */ = {isa = PBXFileReference; fileEncoding = 4; lastKnownFileType = sourcecode.c.h; name = DynamicCollectionViewFlowLayout.h; path = ViewControllers/DynamicCollectionViewFlowLayout.h; sourceTree = "<group>"; };
		950FCFA41D1ED58E00086B52 /* DynamicCollectionViewFlowLayout.m */ = {isa = PBXFileReference; fileEncoding = 4; lastKnownFileType = sourcecode.c.objc; name = DynamicCollectionViewFlowLayout.m; path = ViewControllers/DynamicCollectionViewFlowLayout.m; sourceTree = "<group>"; };
		9562746C1D1FD7BF00F7FA96 /* GalleryImageCollectionViewCell.h */ = {isa = PBXFileReference; fileEncoding = 4; lastKnownFileType = sourcecode.c.h; name = GalleryImageCollectionViewCell.h; path = Views/GalleryImageCollectionViewCell.h; sourceTree = "<group>"; };
		9562746D1D1FD7BF00F7FA96 /* GalleryImageCollectionViewCell.m */ = {isa = PBXFileReference; fileEncoding = 4; lastKnownFileType = sourcecode.c.objc; name = GalleryImageCollectionViewCell.m; path = Views/GalleryImageCollectionViewCell.m; sourceTree = "<group>"; };
		9562746F1D2003E200F7FA96 /* Constants.h */ = {isa = PBXFileReference; lastKnownFileType = sourcecode.c.h; path = Constants.h; sourceTree = "<group>"; };
		95A492361D1F25120024BCB8 /* GalleryImage.h */ = {isa = PBXFileReference; fileEncoding = 4; lastKnownFileType = sourcecode.c.h; name = GalleryImage.h; path = Model/GalleryImage.h; sourceTree = "<group>"; };
		95A492371D1F25120024BCB8 /* GalleryImage.m */ = {isa = PBXFileReference; fileEncoding = 4; lastKnownFileType = sourcecode.c.objc; name = GalleryImage.m; path = Model/GalleryImage.m; sourceTree = "<group>"; };
		95A4923B1D1F28330024BCB8 /* FlickrSearchEngine.h */ = {isa = PBXFileReference; fileEncoding = 4; lastKnownFileType = sourcecode.c.h; name = FlickrSearchEngine.h; path = Network/FlickrSearchEngine.h; sourceTree = "<group>"; };
		95A4923C1D1F28330024BCB8 /* FlickrSearchEngine.m */ = {isa = PBXFileReference; fileEncoding = 4; lastKnownFileType = sourcecode.c.objc; name = FlickrSearchEngine.m; path = Network/FlickrSearchEngine.m; sourceTree = "<group>"; };
		9B8C791D4B1938DA14121748 /* Pods-Catawiki.debug.xcconfig */ = {isa = PBXFileReference; includeInIndex = 1; lastKnownFileType = text.xcconfig; name = "Pods-Catawiki.debug.xcconfig"; path = "Pods/Target Support Files/Pods-Catawiki/Pods-Catawiki.debug.xcconfig"; sourceTree = "<group>"; };
/* End PBXFileReference section */

/* Begin PBXFrameworksBuildPhase section */
		950FCF6F1D1ECFB100086B52 /* Frameworks */ = {
			isa = PBXFrameworksBuildPhase;
			buildActionMask = 2147483647;
			files = (
				9B22C5DD3F2D1B6D33268C4A /* libPods-Catawiki.a in Frameworks */,
			);
			runOnlyForDeploymentPostprocessing = 0;
		};
		950FCF881D1ECFB100086B52 /* Frameworks */ = {
			isa = PBXFrameworksBuildPhase;
			buildActionMask = 2147483647;
			files = (
			);
			runOnlyForDeploymentPostprocessing = 0;
		};
/* End PBXFrameworksBuildPhase section */

/* Begin PBXGroup section */
		76BA173BBF3A5574F5C4B51D /* Frameworks */ = {
			isa = PBXGroup;
			children = (
				44EDBBFACA6F536038778DBD /* libPods-CatawikiTests.a */,
				064AA99E5C2EF2F94450F8DC /* libPods-Catawiki.a */,
			);
			name = Frameworks;
			sourceTree = "<group>";
		};
		950FCF691D1ECFB100086B52 = {
			isa = PBXGroup;
			children = (
				950FCF9A1D1ED06A00086B52 /* .gitignore */,
				950FCF9B1D1ED0A200086B52 /* .clang-format */,
				950FCF741D1ECFB100086B52 /* Catawiki */,
				950FCF8E1D1ECFB100086B52 /* CatawikiTests */,
				950FCF731D1ECFB100086B52 /* Products */,
				FF746EE5C3B6BECA9DA1E9A7 /* Pods */,
				76BA173BBF3A5574F5C4B51D /* Frameworks */,
			);
			sourceTree = "<group>";
		};
		950FCF731D1ECFB100086B52 /* Products */ = {
			isa = PBXGroup;
			children = (
				950FCF721D1ECFB100086B52 /* Catawiki.app */,
				950FCF8B1D1ECFB100086B52 /* CatawikiTests.xctest */,
			);
			name = Products;
			sourceTree = "<group>";
		};
		950FCF741D1ECFB100086B52 /* Catawiki */ = {
			isa = PBXGroup;
			children = (
				9562746B1D1FD79300F7FA96 /* Interface */,
				95A4923A1D1F27790024BCB8 /* Network */,
				950FCF781D1ECFB100086B52 /* AppDelegate.h */,
				950FCF791D1ECFB100086B52 /* AppDelegate.m */,
				950FCFA11D1ED31000086B52 /* Images */,
				95A492391D1F27020024BCB8 /* Model */,
				950FCF751D1ECFB100086B52 /* Supporting Files */,
				950FCF9F1D1ED2DB00086B52 /* ViewControllers */,
				950FCFA01D1ED30500086B52 /* Views */,
				9562746F1D2003E200F7FA96 /* Constants.h */,
			);
			path = Catawiki;
			sourceTree = "<group>";
		};
		950FCF751D1ECFB100086B52 /* Supporting Files */ = {
			isa = PBXGroup;
			children = (
				950FCF861D1ECFB100086B52 /* Info.plist */,
				950FCF761D1ECFB100086B52 /* main.m */,
			);
			name = "Supporting Files";
			sourceTree = "<group>";
		};
		950FCF8E1D1ECFB100086B52 /* CatawikiTests */ = {
			isa = PBXGroup;
			children = (
				950FCF8F1D1ECFB100086B52 /* CatawikiTests.m */,
				950FCF911D1ECFB100086B52 /* Info.plist */,
			);
			path = CatawikiTests;
			sourceTree = "<group>";
		};
		950FCF9F1D1ED2DB00086B52 /* ViewControllers */ = {
			isa = PBXGroup;
			children = (
				950FCF9C1D1ED2D100086B52 /* GalleryViewController.h */,
				950FCF9D1D1ED2D100086B52 /* GalleryViewController.m */,
				950FCFA31D1ED58E00086B52 /* DynamicCollectionViewFlowLayout.h */,
				950FCFA41D1ED58E00086B52 /* DynamicCollectionViewFlowLayout.m */,
			);
			name = ViewControllers;
			sourceTree = "<group>";
		};
		950FCFA01D1ED30500086B52 /* Views */ = {
			isa = PBXGroup;
			children = (
				9562746C1D1FD7BF00F7FA96 /* GalleryImageCollectionViewCell.h */,
				9562746D1D1FD7BF00F7FA96 /* GalleryImageCollectionViewCell.m */,
			);
			name = Views;
			sourceTree = "<group>";
		};
		950FCFA11D1ED31000086B52 /* Images */ = {
			isa = PBXGroup;
			children = (
				950FCF811D1ECFB100086B52 /* Assets.xcassets */,
			);
			name = Images;
			sourceTree = "<group>";
		};
		9562746B1D1FD79300F7FA96 /* Interface */ = {
			isa = PBXGroup;
			children = (
				950FCF7E1D1ECFB100086B52 /* Main.storyboard */,
				950FCF831D1ECFB100086B52 /* LaunchScreen.storyboard */,
			);
			name = Interface;
			sourceTree = "<group>";
		};
		95A492391D1F27020024BCB8 /* Model */ = {
			isa = PBXGroup;
			children = (
				95A492361D1F25120024BCB8 /* GalleryImage.h */,
				95A492371D1F25120024BCB8 /* GalleryImage.m */,
			);
			name = Model;
			sourceTree = "<group>";
		};
		95A4923A1D1F27790024BCB8 /* Network */ = {
			isa = PBXGroup;
			children = (
				95A4923B1D1F28330024BCB8 /* FlickrSearchEngine.h */,
				95A4923C1D1F28330024BCB8 /* FlickrSearchEngine.m */,
			);
			name = Network;
			sourceTree = "<group>";
		};
		FF746EE5C3B6BECA9DA1E9A7 /* Pods */ = {
			isa = PBXGroup;
			children = (
				9B8C791D4B1938DA14121748 /* Pods-Catawiki.debug.xcconfig */,
				37D0047770D980E5F1BD816F /* Pods-Catawiki.release.xcconfig */,
			);
			name = Pods;
			sourceTree = "<group>";
		};
/* End PBXGroup section */

/* Begin PBXNativeTarget section */
		950FCF711D1ECFB100086B52 /* Catawiki */ = {
			isa = PBXNativeTarget;
			buildConfigurationList = 950FCF941D1ECFB100086B52 /* Build configuration list for PBXNativeTarget "Catawiki" */;
			buildPhases = (
				D0D229F61FAC37444D1BFD50 /* [CP] Check Pods Manifest.lock */,
				950FCF6E1D1ECFB100086B52 /* Sources */,
				950FCF6F1D1ECFB100086B52 /* Frameworks */,
				950FCF701D1ECFB100086B52 /* Resources */,
				56EB8477A2D13EABC61C9BF8 /* [CP] Embed Pods Frameworks */,
				C608C062985FBCDDB5653E01 /* [CP] Copy Pods Resources */,
			);
			buildRules = (
			);
			dependencies = (
			);
			name = Catawiki;
			productName = Catawiki;
			productReference = 950FCF721D1ECFB100086B52 /* Catawiki.app */;
			productType = "com.apple.product-type.application";
		};
		950FCF8A1D1ECFB100086B52 /* CatawikiTests */ = {
			isa = PBXNativeTarget;
			buildConfigurationList = 950FCF971D1ECFB100086B52 /* Build configuration list for PBXNativeTarget "CatawikiTests" */;
			buildPhases = (
				182D7884C4E0A001A01368BB /* [CP] Check Pods Manifest.lock */,
				950FCF871D1ECFB100086B52 /* Sources */,
				950FCF881D1ECFB100086B52 /* Frameworks */,
				950FCF891D1ECFB100086B52 /* Resources */,
				20342725A509D89F50A2985A /* [CP] Embed Pods Frameworks */,
				C8CA84A4FE5D268EBB852C70 /* [CP] Copy Pods Resources */,
			);
			buildRules = (
			);
			dependencies = (
				950FCF8D1D1ECFB100086B52 /* PBXTargetDependency */,
			);
			name = CatawikiTests;
			productName = CatawikiTests;
			productReference = 950FCF8B1D1ECFB100086B52 /* CatawikiTests.xctest */;
			productType = "com.apple.product-type.bundle.unit-test";
		};
/* End PBXNativeTarget section */

/* Begin PBXProject section */
		950FCF6A1D1ECFB100086B52 /* Project object */ = {
			isa = PBXProject;
			attributes = {
				LastUpgradeCheck = 0730;
				ORGANIZATIONNAME = Smirnov;
				TargetAttributes = {
					950FCF711D1ECFB100086B52 = {
						CreatedOnToolsVersion = 7.3.1;
					};
					950FCF8A1D1ECFB100086B52 = {
						CreatedOnToolsVersion = 7.3.1;
						TestTargetID = 950FCF711D1ECFB100086B52;
					};
				};
			};
			buildConfigurationList = 950FCF6D1D1ECFB100086B52 /* Build configuration list for PBXProject "Catawiki" */;
			compatibilityVersion = "Xcode 3.2";
			developmentRegion = English;
			hasScannedForEncodings = 0;
			knownRegions = (
				en,
				Base,
			);
			mainGroup = 950FCF691D1ECFB100086B52;
			productRefGroup = 950FCF731D1ECFB100086B52 /* Products */;
			projectDirPath = "";
			projectRoot = "";
			targets = (
				950FCF711D1ECFB100086B52 /* Catawiki */,
				950FCF8A1D1ECFB100086B52 /* CatawikiTests */,
			);
		};
/* End PBXProject section */

/* Begin PBXResourcesBuildPhase section */
		950FCF701D1ECFB100086B52 /* Resources */ = {
			isa = PBXResourcesBuildPhase;
			buildActionMask = 2147483647;
			files = (
				950FCF851D1ECFB100086B52 /* LaunchScreen.storyboard in Resources */,
				950FCF821D1ECFB100086B52 /* Assets.xcassets in Resources */,
				950FCF801D1ECFB100086B52 /* Main.storyboard in Resources */,
			);
			runOnlyForDeploymentPostprocessing = 0;
		};
		950FCF891D1ECFB100086B52 /* Resources */ = {
			isa = PBXResourcesBuildPhase;
			buildActionMask = 2147483647;
			files = (
			);
			runOnlyForDeploymentPostprocessing = 0;
		};
/* End PBXResourcesBuildPhase section */

/* Begin PBXShellScriptBuildPhase section */
		182D7884C4E0A001A01368BB /* [CP] Check Pods Manifest.lock */ = {
			isa = PBXShellScriptBuildPhase;
			buildActionMask = 2147483647;
			files = (
			);
			inputPaths = (
			);
			name = "[CP] Check Pods Manifest.lock";
			outputPaths = (
			);
			runOnlyForDeploymentPostprocessing = 0;
			shellPath = /bin/sh;
			shellScript = "diff \"${PODS_ROOT}/../Podfile.lock\" \"${PODS_ROOT}/Manifest.lock\" > /dev/null\nif [[ $? != 0 ]] ; then\n    cat << EOM\nerror: The sandbox is not in sync with the Podfile.lock. Run 'pod install' or update your CocoaPods installation.\nEOM\n    exit 1\nfi\n";
			showEnvVarsInLog = 0;
		};
		20342725A509D89F50A2985A /* [CP] Embed Pods Frameworks */ = {
			isa = PBXShellScriptBuildPhase;
			buildActionMask = 2147483647;
			files = (
			);
			inputPaths = (
			);
			name = "[CP] Embed Pods Frameworks";
			outputPaths = (
			);
			runOnlyForDeploymentPostprocessing = 0;
			shellPath = /bin/sh;
			shellScript = "\"${SRCROOT}/Pods/Target Support Files/Pods-CatawikiTests/Pods-CatawikiTests-frameworks.sh\"\n";
			showEnvVarsInLog = 0;
		};
		56EB8477A2D13EABC61C9BF8 /* [CP] Embed Pods Frameworks */ = {
			isa = PBXShellScriptBuildPhase;
			buildActionMask = 2147483647;
			files = (
			);
			inputPaths = (
			);
			name = "[CP] Embed Pods Frameworks";
			outputPaths = (
			);
			runOnlyForDeploymentPostprocessing = 0;
			shellPath = /bin/sh;
			shellScript = "\"${SRCROOT}/Pods/Target Support Files/Pods-Catawiki/Pods-Catawiki-frameworks.sh\"\n";
			showEnvVarsInLog = 0;
		};
		C608C062985FBCDDB5653E01 /* [CP] Copy Pods Resources */ = {
			isa = PBXShellScriptBuildPhase;
			buildActionMask = 2147483647;
			files = (
			);
			inputPaths = (
			);
			name = "[CP] Copy Pods Resources";
			outputPaths = (
			);
			runOnlyForDeploymentPostprocessing = 0;
			shellPath = /bin/sh;
			shellScript = "\"${SRCROOT}/Pods/Target Support Files/Pods-Catawiki/Pods-Catawiki-resources.sh\"\n";
			showEnvVarsInLog = 0;
		};
		C8CA84A4FE5D268EBB852C70 /* [CP] Copy Pods Resources */ = {
			isa = PBXShellScriptBuildPhase;
			buildActionMask = 2147483647;
			files = (
			);
			inputPaths = (
			);
			name = "[CP] Copy Pods Resources";
			outputPaths = (
			);
			runOnlyForDeploymentPostprocessing = 0;
			shellPath = /bin/sh;
			shellScript = "\"${SRCROOT}/Pods/Target Support Files/Pods-CatawikiTests/Pods-CatawikiTests-resources.sh\"\n";
			showEnvVarsInLog = 0;
		};
		D0D229F61FAC37444D1BFD50 /* [CP] Check Pods Manifest.lock */ = {
			isa = PBXShellScriptBuildPhase;
			buildActionMask = 2147483647;
			files = (
			);
			inputPaths = (
			);
			name = "[CP] Check Pods Manifest.lock";
			outputPaths = (
			);
			runOnlyForDeploymentPostprocessing = 0;
			shellPath = /bin/sh;
			shellScript = "diff \"${PODS_ROOT}/../Podfile.lock\" \"${PODS_ROOT}/Manifest.lock\" > /dev/null\nif [[ $? != 0 ]] ; then\n    cat << EOM\nerror: The sandbox is not in sync with the Podfile.lock. Run 'pod install' or update your CocoaPods installation.\nEOM\n    exit 1\nfi\n";
			showEnvVarsInLog = 0;
		};
/* End PBXShellScriptBuildPhase section */

/* Begin PBXSourcesBuildPhase section */
		950FCF6E1D1ECFB100086B52 /* Sources */ = {
			isa = PBXSourcesBuildPhase;
			buildActionMask = 2147483647;
			files = (
				9562746E1D1FD7BF00F7FA96 /* GalleryImageCollectionViewCell.m in Sources */,
				950FCF9E1D1ED2D100086B52 /* GalleryViewController.m in Sources */,
				950FCF7A1D1ECFB100086B52 /* AppDelegate.m in Sources */,
				950FCFA51D1ED58E00086B52 /* DynamicCollectionViewFlowLayout.m in Sources */,
				95A4923D1D1F28330024BCB8 /* FlickrSearchEngine.m in Sources */,
				950FCF771D1ECFB100086B52 /* main.m in Sources */,
				95A492381D1F25120024BCB8 /* GalleryImage.m in Sources */,
			);
			runOnlyForDeploymentPostprocessing = 0;
		};
		950FCF871D1ECFB100086B52 /* Sources */ = {
			isa = PBXSourcesBuildPhase;
			buildActionMask = 2147483647;
			files = (
				950FCF901D1ECFB100086B52 /* CatawikiTests.m in Sources */,
			);
			runOnlyForDeploymentPostprocessing = 0;
		};
/* End PBXSourcesBuildPhase section */

/* Begin PBXTargetDependency section */
		950FCF8D1D1ECFB100086B52 /* PBXTargetDependency */ = {
			isa = PBXTargetDependency;
			target = 950FCF711D1ECFB100086B52 /* Catawiki */;
			targetProxy = 950FCF8C1D1ECFB100086B52 /* PBXContainerItemProxy */;
		};
/* End PBXTargetDependency section */

/* Begin PBXVariantGroup section */
		950FCF7E1D1ECFB100086B52 /* Main.storyboard */ = {
			isa = PBXVariantGroup;
			children = (
				950FCF7F1D1ECFB100086B52 /* Base */,
			);
			name = Main.storyboard;
			sourceTree = "<group>";
		};
		950FCF831D1ECFB100086B52 /* LaunchScreen.storyboard */ = {
			isa = PBXVariantGroup;
			children = (
				950FCF841D1ECFB100086B52 /* Base */,
			);
			name = LaunchScreen.storyboard;
			sourceTree = "<group>";
		};
/* End PBXVariantGroup section */

/* Begin XCBuildConfiguration section */
		950FCF921D1ECFB100086B52 /* Debug */ = {
			isa = XCBuildConfiguration;
			buildSettings = {
				ALWAYS_SEARCH_USER_PATHS = NO;
				CLANG_ANALYZER_NONNULL = YES;
				CLANG_CXX_LANGUAGE_STANDARD = "gnu++0x";
				CLANG_CXX_LIBRARY = "libc++";
				CLANG_ENABLE_MODULES = YES;
				CLANG_ENABLE_OBJC_ARC = YES;
				CLANG_WARN_BOOL_CONVERSION = YES;
				CLANG_WARN_CONSTANT_CONVERSION = YES;
				CLANG_WARN_DIRECT_OBJC_ISA_USAGE = YES_ERROR;
				CLANG_WARN_EMPTY_BODY = YES;
				CLANG_WARN_ENUM_CONVERSION = YES;
				CLANG_WARN_INT_CONVERSION = YES;
				CLANG_WARN_OBJC_ROOT_CLASS = YES_ERROR;
				CLANG_WARN_UNREACHABLE_CODE = YES;
				CLANG_WARN__DUPLICATE_METHOD_MATCH = YES;
				"CODE_SIGN_IDENTITY[sdk=iphoneos*]" = "iPhone Developer";
				COPY_PHASE_STRIP = NO;
				DEBUG_INFORMATION_FORMAT = dwarf;
				ENABLE_STRICT_OBJC_MSGSEND = YES;
				ENABLE_TESTABILITY = YES;
				GCC_C_LANGUAGE_STANDARD = gnu99;
				GCC_DYNAMIC_NO_PIC = NO;
				GCC_NO_COMMON_BLOCKS = YES;
				GCC_OPTIMIZATION_LEVEL = 0;
				GCC_PREPROCESSOR_DEFINITIONS = (
					"DEBUG=1",
					"$(inherited)",
				);
				GCC_WARN_64_TO_32_BIT_CONVERSION = YES;
				GCC_WARN_ABOUT_RETURN_TYPE = YES_ERROR;
				GCC_WARN_UNDECLARED_SELECTOR = YES;
				GCC_WARN_UNINITIALIZED_AUTOS = YES_AGGRESSIVE;
				GCC_WARN_UNUSED_FUNCTION = YES;
				GCC_WARN_UNUSED_VARIABLE = YES;
				IPHONEOS_DEPLOYMENT_TARGET = 8.0;
				MTL_ENABLE_DEBUG_INFO = YES;
				ONLY_ACTIVE_ARCH = YES;
				SDKROOT = iphoneos;
			};
			name = Debug;
		};
		950FCF931D1ECFB100086B52 /* Release */ = {
			isa = XCBuildConfiguration;
			buildSettings = {
				ALWAYS_SEARCH_USER_PATHS = NO;
				CLANG_ANALYZER_NONNULL = YES;
				CLANG_CXX_LANGUAGE_STANDARD = "gnu++0x";
				CLANG_CXX_LIBRARY = "libc++";
				CLANG_ENABLE_MODULES = YES;
				CLANG_ENABLE_OBJC_ARC = YES;
				CLANG_WARN_BOOL_CONVERSION = YES;
				CLANG_WARN_CONSTANT_CONVERSION = YES;
				CLANG_WARN_DIRECT_OBJC_ISA_USAGE = YES_ERROR;
				CLANG_WARN_EMPTY_BODY = YES;
				CLANG_WARN_ENUM_CONVERSION = YES;
				CLANG_WARN_INT_CONVERSION = YES;
				CLANG_WARN_OBJC_ROOT_CLASS = YES_ERROR;
				CLANG_WARN_UNREACHABLE_CODE = YES;
				CLANG_WARN__DUPLICATE_METHOD_MATCH = YES;
				"CODE_SIGN_IDENTITY[sdk=iphoneos*]" = "iPhone Developer";
				COPY_PHASE_STRIP = NO;
				DEBUG_INFORMATION_FORMAT = "dwarf-with-dsym";
				ENABLE_NS_ASSERTIONS = NO;
				ENABLE_STRICT_OBJC_MSGSEND = YES;
				GCC_C_LANGUAGE_STANDARD = gnu99;
				GCC_NO_COMMON_BLOCKS = YES;
				GCC_WARN_64_TO_32_BIT_CONVERSION = YES;
				GCC_WARN_ABOUT_RETURN_TYPE = YES_ERROR;
				GCC_WARN_UNDECLARED_SELECTOR = YES;
				GCC_WARN_UNINITIALIZED_AUTOS = YES_AGGRESSIVE;
				GCC_WARN_UNUSED_FUNCTION = YES;
				GCC_WARN_UNUSED_VARIABLE = YES;
				IPHONEOS_DEPLOYMENT_TARGET = 8.0;
				MTL_ENABLE_DEBUG_INFO = NO;
				SDKROOT = iphoneos;
				VALIDATE_PRODUCT = YES;
			};
			name = Release;
		};
		950FCF951D1ECFB100086B52 /* Debug */ = {
			isa = XCBuildConfiguration;
			baseConfigurationReference = 9B8C791D4B1938DA14121748 /* Pods-Catawiki.debug.xcconfig */;
			buildSettings = {
				ASSETCATALOG_COMPILER_APPICON_NAME = AppIcon;
				INFOPLIST_FILE = Catawiki/Info.plist;
				IPHONEOS_DEPLOYMENT_TARGET = 8.0;
				LD_RUNPATH_SEARCH_PATHS = "$(inherited) @executable_path/Frameworks";
				PRODUCT_BUNDLE_IDENTIFIER = Smirnov.Catawiki;
				PRODUCT_NAME = "$(TARGET_NAME)";
			};
			name = Debug;
		};
		950FCF961D1ECFB100086B52 /* Release */ = {
			isa = XCBuildConfiguration;
			baseConfigurationReference = 37D0047770D980E5F1BD816F /* Pods-Catawiki.release.xcconfig */;
			buildSettings = {
				ASSETCATALOG_COMPILER_APPICON_NAME = AppIcon;
				INFOPLIST_FILE = Catawiki/Info.plist;
				IPHONEOS_DEPLOYMENT_TARGET = 8.0;
				LD_RUNPATH_SEARCH_PATHS = "$(inherited) @executable_path/Frameworks";
				PRODUCT_BUNDLE_IDENTIFIER = Smirnov.Catawiki;
				PRODUCT_NAME = "$(TARGET_NAME)";
			};
			name = Release;
		};
		950FCF981D1ECFB100086B52 /* Debug */ = {
			isa = XCBuildConfiguration;
			buildSettings = {
				BUNDLE_LOADER = "$(TEST_HOST)";
				INFOPLIST_FILE = CatawikiTests/Info.plist;
				LD_RUNPATH_SEARCH_PATHS = "$(inherited) @executable_path/Frameworks @loader_path/Frameworks";
				PRODUCT_BUNDLE_IDENTIFIER = Smirnov.CatawikiTests;
				PRODUCT_NAME = "$(TARGET_NAME)";
				TEST_HOST = "$(BUILT_PRODUCTS_DIR)/Catawiki.app/Catawiki";
			};
			name = Debug;
		};
		950FCF991D1ECFB100086B52 /* Release */ = {
			isa = XCBuildConfiguration;
			buildSettings = {
				BUNDLE_LOADER = "$(TEST_HOST)";
				INFOPLIST_FILE = CatawikiTests/Info.plist;
				LD_RUNPATH_SEARCH_PATHS = "$(inherited) @executable_path/Frameworks @loader_path/Frameworks";
				PRODUCT_BUNDLE_IDENTIFIER = Smirnov.CatawikiTests;
				PRODUCT_NAME = "$(TARGET_NAME)";
				TEST_HOST = "$(BUILT_PRODUCTS_DIR)/Catawiki.app/Catawiki";
			};
			name = Release;
		};
/* End XCBuildConfiguration section */

/* Begin XCConfigurationList section */
		950FCF6D1D1ECFB100086B52 /* Build configuration list for PBXProject "Catawiki" */ = {
			isa = XCConfigurationList;
			buildConfigurations = (
				950FCF921D1ECFB100086B52 /* Debug */,
				950FCF931D1ECFB100086B52 /* Release */,
			);
			defaultConfigurationIsVisible = 0;
			defaultConfigurationName = Release;
		};
		950FCF941D1ECFB100086B52 /* Build configuration list for PBXNativeTarget "Catawiki" */ = {
			isa = XCConfigurationList;
			buildConfigurations = (
				950FCF951D1ECFB100086B52 /* Debug */,
				950FCF961D1ECFB100086B52 /* Release */,
			);
			defaultConfigurationIsVisible = 0;
			defaultConfigurationName = Release;
		};
		950FCF971D1ECFB100086B52 /* Build configuration list for PBXNativeTarget "CatawikiTests" */ = {
			isa = XCConfigurationList;
			buildConfigurations = (
				950FCF981D1ECFB100086B52 /* Debug */,
				950FCF991D1ECFB100086B52 /* Release */,
			);
			defaultConfigurationIsVisible = 0;
			defaultConfigurationName = Release;
		};
/* End XCConfigurationList section */
	};
	rootObject = 950FCF6A1D1ECFB100086B52 /* Project object */;
}
